
Microsoft Visual Studio Solution File, Format Version 12.00
# Visual Studio Version 17
VisualStudioVersion = 17.14.36705.20
MinimumVisualStudioVersion = 10.0.40219.1
Project("{FAE04EC0-301F-11D3-BF4B-00C04F79EFBC}") = "KamiYomu.CrawlerAgents.MundoAvatar", "KamiYomu.CrawlerAgents.MundoAvatar\KamiYomu.CrawlerAgents.MundoAvatar.csproj", "{6704415F-777E-4FE0-97C2-65546192D70F}"
EndProject
Project("{FAE04EC0-301F-11D3-BF4B-00C04F79EFBC}") = "KamiYomu.CrawlerAgents.ConsoleApp", "KamiYomu.CrawlerAgents.ConsoleApp\KamiYomu.CrawlerAgents.ConsoleApp.csproj", "{4AC18876-E003-9996-347B-48215310AA02}"
EndProject
Global
	GlobalSection(SolutionConfigurationPlatforms) = preSolution
		Debug|Any CPU = Debug|Any CPU
		Release|Any CPU = Release|Any CPU
	EndGlobalSection
	GlobalSection(ProjectConfigurationPlatforms) = postSolution
		{6704415F-777E-4FE0-97C2-65546192D70F}.Debug|Any CPU.ActiveCfg = Debug|Any CPU
		{6704415F-777E-4FE0-97C2-65546192D70F}.Debug|Any CPU.Build.0 = Debug|Any CPU
		{6704415F-777E-4FE0-97C2-65546192D70F}.Release|Any CPU.ActiveCfg = Release|Any CPU
		{6704415F-777E-4FE0-97C2-65546192D70F}.Release|Any CPU.Build.0 = Release|Any CPU
		{4AC18876-E003-9996-347B-48215310AA02}.Debug|Any CPU.ActiveCfg = Debug|Any CPU
		{4AC18876-E003-9996-347B-48215310AA02}.Debug|Any CPU.Build.0 = Debug|Any CPU
		{4AC18876-E003-9996-347B-48215310AA02}.Release|Any CPU.ActiveCfg = Release|Any CPU
		{4AC18876-E003-9996-347B-48215310AA02}.Release|Any CPU.Build.0 = Release|Any CPU
	EndGlobalSection
	GlobalSection(SolutionProperties) = preSolution
		HideSolutionNode = FALSE
	EndGlobalSection
	GlobalSection(ExtensibilityGlobals) = postSolution
		SolutionGuid = {01A44BAD-1734-473B-B6B2-2B042D0BB6A0}
	EndGlobalSection
EndGlobal
